
Microsoft Visual Studio Solution File, Format Version 12.00
# Visual Studio 14
VisualStudioVersion = 14.0.25420.1
MinimumVisualStudioVersion = 10.0.40219.1
Project("{FAE04EC0-301F-11D3-BF4B-00C04F79EFBC}") = "NET_GUI", "Motion_GUI\NET_GUI.csproj", "{FFBD08DC-0E73-48F6-9FDD-B8CAED859A43}"
EndProject
Global
	GlobalSection(SolutionConfigurationPlatforms) = preSolution
		Debug|Any CPU = Debug|Any CPU
		Release|Any CPU = Release|Any CPU
	EndGlobalSection
	GlobalSection(ProjectConfigurationPlatforms) = postSolution
		{FFBD08DC-0E73-48F6-9FDD-B8CAED859A43}.Debug|Any CPU.ActiveCfg = Debug|Any CPU
		{FFBD08DC-0E73-48F6-9FDD-B8CAED859A43}.Debug|Any CPU.Build.0 = Debug|Any CPU
		{FFBD08DC-0E73-48F6-9FDD-B8CAED859A43}.Release|Any CPU.ActiveCfg = Release|Any CPU
		{FFBD08DC-0E73-48F6-9FDD-B8CAED859A43}.Release|Any CPU.Build.0 = Release|Any CPU
	EndGlobalSection
	GlobalSection(SolutionProperties) = preSolution
		HideSolutionNode = FALSE
	EndGlobalSection
EndGlobal
